Microsoft Visual Studio Solution File, Format Version 12.00
# Visual Studio 15
VisualStudioVersion = 15.0.27703.2026
MinimumVisualStudioVersion = 10.0.40219.1
Project("{FAE04EC0-301F-11D3-BF4B-00C04F79EFBC}") = "ReKreator.HtmlParser", "src\ReKreator.HtmlParser\ReKreator.HtmlParser.csproj", "{C255FB35-B5A2-4A14-A71A-57FAC0EF8267}"
EndProject
Project("{2150E333-8FDC-42A3-9474-1A3956D46DE8}") = "Utils", "Utils", "{44BFBA3B-2B9D-4E8B-A9CA-5637B3CCC59C}"
EndProject
Project("{FAE04EC0-301F-11D3-BF4B-00C04F79EFBC}") = "ReKreator.MailDelivery", "src\ReKreator.MailDelivery\ReKreator.MailDelivery.csproj", "{10FEBF5D-D583-463F-A572-67D36D785AF9}"
EndProject
Project("{FAE04EC0-301F-11D3-BF4B-00C04F79EFBC}") = "ReKreator.Scheduler", "src\ReKreator.Scheduler\ReKreator.Scheduler.csproj", "{57F9DEC1-213A-4B60-80E3-F30AD02EADE6}"
EndProject
Project("{FAE04EC0-301F-11D3-BF4B-00C04F79EFBC}") = "ReKreator.Data", "src\ReKreator.Data\ReKreator.Data.csproj", "{606AF6E3-247C-455B-A281-5A3D4B2C5BA2}"
EndProject
Project("{FAE04EC0-301F-11D3-BF4B-00C04F79EFBC}") = "ReKreator.Business", "src\ReKreator.Business\ReKreator.Business.csproj", "{3EFFB1AA-7A2E-4765-A18B-B130E6083FEB}"
EndProject
Project("{2150E333-8FDC-42A3-9474-1A3956D46DE8}") = "Tests", "Tests", "{B1FCC551-009F-4194-94CE-827F4D60C40C}"
EndProject
Project("{FAE04EC0-301F-11D3-BF4B-00C04F79EFBC}") = "ReKreator.Business.Tests", "tests\ReKreator.Business.Tests\ReKreator.Business.Tests.csproj", "{4E0573DA-5F92-431F-A727-DB30E889E69B}"
EndProject
Project("{FAE04EC0-301F-11D3-BF4B-00C04F79EFBC}") = "ReKreator.Web.Tests", "tests\ReKreator.Web.Tests\ReKreator.Web.Tests.csproj", "{07D62B48-29A8-4215-92B1-1B374B21F5B4}"
EndProject
Project("{FAE04EC0-301F-11D3-BF4B-00C04F79EFBC}") = "ReKreator.HtmlParser.Tests", "tests\ReKreator.HtmlParser.Tests\ReKreator.HtmlParser.Tests.csproj", "{4CA43A47-E394-4B6C-B5A3-B64EF0D2CB6F}"
EndProject
Project("{FAE04EC0-301F-11D3-BF4B-00C04F79EFBC}") = "ReKreator.MailDelivery.Tests", "tests\ReKreator.MailDelivery.Tests\ReKreator.MailDelivery.Tests.csproj", "{D9E38F44-4BAD-450E-AFFE-EB191D6FF854}"
EndProject
Project("{FAE04EC0-301F-11D3-BF4B-00C04F79EFBC}") = "ReKreator.Scheduler.Tests", "tests\ReKreator.Scheduler.Tests\ReKreator.Scheduler.Tests.csproj", "{630EA27C-1D6E-4D52-93AA-83618CE390B6}"
EndProject
Project("{FAE04EC0-301F-11D3-BF4B-00C04F79EFBC}") = "ReKreator.Web", "src\ReKreator.Web\ReKreator.Web.csproj", "{FEA2E835-F457-4412-8408-A38C7549DE37}"
EndProject
Project("{FAE04EC0-301F-11D3-BF4B-00C04F79EFBC}") = "ReKreator.Common", "src\ReKreator.Common\ReKreator.Common.csproj", "{E5DD7CDB-3A75-4FD4-8589-FABB779315BD}"
EndProject
Global
	GlobalSection(SolutionConfigurationPlatforms) = preSolution
		Debug|Any CPU = Debug|Any CPU
		Release|Any CPU = Release|Any CPU
	EndGlobalSection
	GlobalSection(ProjectConfigurationPlatforms) = postSolution
		{C255FB35-B5A2-4A14-A71A-57FAC0EF8267}.Debug|Any CPU.ActiveCfg = Debug|Any CPU
		{C255FB35-B5A2-4A14-A71A-57FAC0EF8267}.Debug|Any CPU.Build.0 = Debug|Any CPU
		{C255FB35-B5A2-4A14-A71A-57FAC0EF8267}.Release|Any CPU.ActiveCfg = Release|Any CPU
		{C255FB35-B5A2-4A14-A71A-57FAC0EF8267}.Release|Any CPU.Build.0 = Release|Any CPU
		{10FEBF5D-D583-463F-A572-67D36D785AF9}.Debug|Any CPU.ActiveCfg = Debug|Any CPU
		{10FEBF5D-D583-463F-A572-67D36D785AF9}.Debug|Any CPU.Build.0 = Debug|Any CPU
		{10FEBF5D-D583-463F-A572-67D36D785AF9}.Release|Any CPU.ActiveCfg = Release|Any CPU
		{10FEBF5D-D583-463F-A572-67D36D785AF9}.Release|Any CPU.Build.0 = Release|Any CPU
		{57F9DEC1-213A-4B60-80E3-F30AD02EADE6}.Debug|Any CPU.ActiveCfg = Debug|Any CPU
		{57F9DEC1-213A-4B60-80E3-F30AD02EADE6}.Debug|Any CPU.Build.0 = Debug|Any CPU
		{57F9DEC1-213A-4B60-80E3-F30AD02EADE6}.Release|Any CPU.ActiveCfg = Release|Any CPU
		{57F9DEC1-213A-4B60-80E3-F30AD02EADE6}.Release|Any CPU.Build.0 = Release|Any CPU
		{606AF6E3-247C-455B-A281-5A3D4B2C5BA2}.Debug|Any CPU.ActiveCfg = Debug|Any CPU
		{606AF6E3-247C-455B-A281-5A3D4B2C5BA2}.Debug|Any CPU.Build.0 = Debug|Any CPU
		{606AF6E3-247C-455B-A281-5A3D4B2C5BA2}.Release|Any CPU.ActiveCfg = Release|Any CPU
		{606AF6E3-247C-455B-A281-5A3D4B2C5BA2}.Release|Any CPU.Build.0 = Release|Any CPU
		{3EFFB1AA-7A2E-4765-A18B-B130E6083FEB}.Debug|Any CPU.ActiveCfg = Debug|Any CPU
		{3EFFB1AA-7A2E-4765-A18B-B130E6083FEB}.Debug|Any CPU.Build.0 = Debug|Any CPU
		{3EFFB1AA-7A2E-4765-A18B-B130E6083FEB}.Release|Any CPU.ActiveCfg = Release|Any CPU
		{3EFFB1AA-7A2E-4765-A18B-B130E6083FEB}.Release|Any CPU.Build.0 = Release|Any CPU
		{4E0573DA-5F92-431F-A727-DB30E889E69B}.Debug|Any CPU.ActiveCfg = Debug|Any CPU
		{4E0573DA-5F92-431F-A727-DB30E889E69B}.Debug|Any CPU.Build.0 = Debug|Any CPU
		{4E0573DA-5F92-431F-A727-DB30E889E69B}.Release|Any CPU.ActiveCfg = Release|Any CPU
		{4E0573DA-5F92-431F-A727-DB30E889E69B}.Release|Any CPU.Build.0 = Release|Any CPU
		{07D62B48-29A8-4215-92B1-1B374B21F5B4}.Debug|Any CPU.ActiveCfg = Debug|Any CPU
		{07D62B48-29A8-4215-92B1-1B374B21F5B4}.Debug|Any CPU.Build.0 = Debug|Any CPU
		{07D62B48-29A8-4215-92B1-1B374B21F5B4}.Release|Any CPU.ActiveCfg = Release|Any CPU
		{07D62B48-29A8-4215-92B1-1B374B21F5B4}.Release|Any CPU.Build.0 = Release|Any CPU
		{4CA43A47-E394-4B6C-B5A3-B64EF0D2CB6F}.Debug|Any CPU.ActiveCfg = Debug|Any CPU
		{4CA43A47-E394-4B6C-B5A3-B64EF0D2CB6F}.Debug|Any CPU.Build.0 = Debug|Any CPU
		{4CA43A47-E394-4B6C-B5A3-B64EF0D2CB6F}.Release|Any CPU.ActiveCfg = Release|Any CPU
		{4CA43A47-E394-4B6C-B5A3-B64EF0D2CB6F}.Release|Any CPU.Build.0 = Release|Any CPU
		{D9E38F44-4BAD-450E-AFFE-EB191D6FF854}.Debug|Any CPU.ActiveCfg = Debug|Any CPU
		{D9E38F44-4BAD-450E-AFFE-EB191D6FF854}.Debug|Any CPU.Build.0 = Debug|Any CPU
		{D9E38F44-4BAD-450E-AFFE-EB191D6FF854}.Release|Any CPU.ActiveCfg = Release|Any CPU
		{D9E38F44-4BAD-450E-AFFE-EB191D6FF854}.Release|Any CPU.Build.0 = Release|Any CPU
		{630EA27C-1D6E-4D52-93AA-83618CE390B6}.Debug|Any CPU.ActiveCfg = Debug|Any CPU
		{630EA27C-1D6E-4D52-93AA-83618CE390B6}.Debug|Any CPU.Build.0 = Debug|Any CPU
		{630EA27C-1D6E-4D52-93AA-83618CE390B6}.Release|Any CPU.ActiveCfg = Release|Any CPU
		{630EA27C-1D6E-4D52-93AA-83618CE390B6}.Release|Any CPU.Build.0 = Release|Any CPU
		{FEA2E835-F457-4412-8408-A38C7549DE37}.Debug|Any CPU.ActiveCfg = Debug|Any CPU
		{FEA2E835-F457-4412-8408-A38C7549DE37}.Debug|Any CPU.Build.0 = Debug|Any CPU
		{FEA2E835-F457-4412-8408-A38C7549DE37}.Release|Any CPU.ActiveCfg = Release|Any CPU
		{FEA2E835-F457-4412-8408-A38C7549DE37}.Release|Any CPU.Build.0 = Release|Any CPU
		{E5DD7CDB-3A75-4FD4-8589-FABB779315BD}.Debug|Any CPU.ActiveCfg = Debug|Any CPU
		{E5DD7CDB-3A75-4FD4-8589-FABB779315BD}.Debug|Any CPU.Build.0 = Debug|Any CPU
		{E5DD7CDB-3A75-4FD4-8589-FABB779315BD}.Release|Any CPU.ActiveCfg = Release|Any CPU
		{E5DD7CDB-3A75-4FD4-8589-FABB779315BD}.Release|Any CPU.Build.0 = Release|Any CPU
	EndGlobalSection
	GlobalSection(SolutionProperties) = preSolution
		HideSolutionNode = FALSE
	EndGlobalSection
	GlobalSection(NestedProjects) = preSolution
		{C255FB35-B5A2-4A14-A71A-57FAC0EF8267} = {44BFBA3B-2B9D-4E8B-A9CA-5637B3CCC59C}
		{10FEBF5D-D583-463F-A572-67D36D785AF9} = {44BFBA3B-2B9D-4E8B-A9CA-5637B3CCC59C}
		{57F9DEC1-213A-4B60-80E3-F30AD02EADE6} = {44BFBA3B-2B9D-4E8B-A9CA-5637B3CCC59C}
		{4E0573DA-5F92-431F-A727-DB30E889E69B} = {B1FCC551-009F-4194-94CE-827F4D60C40C}
		{07D62B48-29A8-4215-92B1-1B374B21F5B4} = {B1FCC551-009F-4194-94CE-827F4D60C40C}
		{4CA43A47-E394-4B6C-B5A3-B64EF0D2CB6F} = {B1FCC551-009F-4194-94CE-827F4D60C40C}
		{D9E38F44-4BAD-450E-AFFE-EB191D6FF854} = {B1FCC551-009F-4194-94CE-827F4D60C40C}
		{630EA27C-1D6E-4D52-93AA-83618CE390B6} = {B1FCC551-009F-4194-94CE-827F4D60C40C}
		{E5DD7CDB-3A75-4FD4-8589-FABB779315BD} = {44BFBA3B-2B9D-4E8B-A9CA-5637B3CCC59C}
	EndGlobalSection
	GlobalSection(ExtensibilityGlobals) = postSolution
		SolutionGuid = {7B3D5EB0-E746-4131-98CB-3C06A6DF2F28}
	EndGlobalSection
EndGlobal
